// !$*UTF8*$!
{
	archiveVersion = 1;
	classes = {
	};
	objectVersion = 56;
	objects = {

/* Begin PBXBuildFile section */
		01BC90B9A1F0BDBABD98E96F /* Pods_paytv_desafio_mobile_paytv_desafio_mobileUITests.framework in Frameworks */ = {isa = PBXBuildFile; fileRef = 29A6991D0773F97AAFC3729D /* Pods_paytv_desafio_mobile_paytv_desafio_mobileUITests.framework */; };
		A4B6A1B1A00D6092F590C12E /* Pods_paytv_desafio_mobileTests.framework in Frameworks */ = {isa = PBXBuildFile; fileRef = 708CC8532A91E91D2A04E62E /* Pods_paytv_desafio_mobileTests.framework */; };
		A63AFC15277DCAD1A9604743 /* Pods_paytv_desafio_mobile.framework in Frameworks */ = {isa = PBXBuildFile; fileRef = 9E069DB59009F6857CCAF3EF /* Pods_paytv_desafio_mobile.framework */; };
		BF33770528FAEEEB0000A3D8 /* AppDelegate.swift in Sources */ = {isa = PBXBuildFile; fileRef = BF33770428FAEEEB0000A3D8 /* AppDelegate.swift */; };
		BF33770728FAEEEB0000A3D8 /* SceneDelegate.swift in Sources */ = {isa = PBXBuildFile; fileRef = BF33770628FAEEEB0000A3D8 /* SceneDelegate.swift */; };
		BF33770E28FAEEED0000A3D8 /* Assets.xcassets in Resources */ = {isa = PBXBuildFile; fileRef = BF33770D28FAEEED0000A3D8 /* Assets.xcassets */; };
		BF33771128FAEEED0000A3D8 /* LaunchScreen.storyboard in Resources */ = {isa = PBXBuildFile; fileRef = BF33770F28FAEEED0000A3D8 /* LaunchScreen.storyboard */; };
		BF33771C28FAEEEE0000A3D8 /* paytv_desafio_mobileTests.swift in Sources */ = {isa = PBXBuildFile; fileRef = BF33771B28FAEEEE0000A3D8 /* paytv_desafio_mobileTests.swift */; };
		BF33772628FAEEEE0000A3D8 /* paytv_desafio_mobileUITests.swift in Sources */ = {isa = PBXBuildFile; fileRef = BF33772528FAEEEE0000A3D8 /* paytv_desafio_mobileUITests.swift */; };
		BF33772828FAEEEE0000A3D8 /* paytv_desafio_mobileUITestsLaunchTests.swift in Sources */ = {isa = PBXBuildFile; fileRef = BF33772728FAEEEE0000A3D8 /* paytv_desafio_mobileUITestsLaunchTests.swift */; };
		BF33773B28FAF39F0000A3D8 /* HomeViewController.swift in Sources */ = {isa = PBXBuildFile; fileRef = BF33773A28FAF39F0000A3D8 /* HomeViewController.swift */; };
		BF33774028FB1F410000A3D8 /* APIConfig.swift in Sources */ = {isa = PBXBuildFile; fileRef = BF33773F28FB1F410000A3D8 /* APIConfig.swift */; };
		BF33774228FB20460000A3D8 /* NetworkManager.swift in Sources */ = {isa = PBXBuildFile; fileRef = BF33774128FB20460000A3D8 /* NetworkManager.swift */; };
		BF33774428FB20910000A3D8 /* ResponseHandler.swift in Sources */ = {isa = PBXBuildFile; fileRef = BF33774328FB20910000A3D8 /* ResponseHandler.swift */; };
		BF33774728FB21020000A3D8 /* RequestHandler.swift in Sources */ = {isa = PBXBuildFile; fileRef = BF33774628FB21020000A3D8 /* RequestHandler.swift */; };
		BF33774928FB213A0000A3D8 /* NetworkStatus.swift in Sources */ = {isa = PBXBuildFile; fileRef = BF33774828FB213A0000A3D8 /* NetworkStatus.swift */; };
/* End PBXBuildFile section */

/* Begin PBXContainerItemProxy section */
		BF33771828FAEEEE0000A3D8 /* PBXContainerItemProxy */ = {
			isa = PBXContainerItemProxy;
			containerPortal = BF3376F928FAEEEB0000A3D8 /* Project object */;
			proxyType = 1;
			remoteGlobalIDString = BF33770028FAEEEB0000A3D8;
			remoteInfo = "paytv-desafio-mobile";
		};
		BF33772228FAEEEE0000A3D8 /* PBXContainerItemProxy */ = {
			isa = PBXContainerItemProxy;
			containerPortal = BF3376F928FAEEEB0000A3D8 /* Project object */;
			proxyType = 1;
			remoteGlobalIDString = BF33770028FAEEEB0000A3D8;
			remoteInfo = "paytv-desafio-mobile";
		};
/* End PBXContainerItemProxy section */

/* Begin PBXFileReference section */
		17B5B7837786811B4F8BCD31 /* Pods-paytv-desafio-mobileTests.release.xcconfig */ = {isa = PBXFileReference; includeInIndex = 1; lastKnownFileType = text.xcconfig; name = "Pods-paytv-desafio-mobileTests.release.xcconfig"; path = "Target Support Files/Pods-paytv-desafio-mobileTests/Pods-paytv-desafio-mobileTests.release.xcconfig"; sourceTree = "<group>"; };
		29A6991D0773F97AAFC3729D /* Pods_paytv_desafio_mobile_paytv_desafio_mobileUITests.framework */ = {isa = PBXFileReference; explicitFileType = wrapper.framework; includeInIndex = 0; path = Pods_paytv_desafio_mobile_paytv_desafio_mobileUITests.framework; sourceTree = BUILT_PRODUCTS_DIR; };
		330E2559551111EA235B7A85 /* Pods-paytv-desafio-mobileTests.debug.xcconfig */ = {isa = PBXFileReference; includeInIndex = 1; lastKnownFileType = text.xcconfig; name = "Pods-paytv-desafio-mobileTests.debug.xcconfig"; path = "Target Support Files/Pods-paytv-desafio-mobileTests/Pods-paytv-desafio-mobileTests.debug.xcconfig"; sourceTree = "<group>"; };
		4E5FFD3C04424A503229F99B /* Pods-paytv-desafio-mobile.debug.xcconfig */ = {isa = PBXFileReference; includeInIndex = 1; lastKnownFileType = text.xcconfig; name = "Pods-paytv-desafio-mobile.debug.xcconfig"; path = "Target Support Files/Pods-paytv-desafio-mobile/Pods-paytv-desafio-mobile.debug.xcconfig"; sourceTree = "<group>"; };
		5D88A31C5B44C862F0C6D73A /* Pods-paytv-desafio-mobile-paytv-desafio-mobileUITests.debug.xcconfig */ = {isa = PBXFileReference; includeInIndex = 1; lastKnownFileType = text.xcconfig; name = "Pods-paytv-desafio-mobile-paytv-desafio-mobileUITests.debug.xcconfig"; path = "Target Support Files/Pods-paytv-desafio-mobile-paytv-desafio-mobileUITests/Pods-paytv-desafio-mobile-paytv-desafio-mobileUITests.debug.xcconfig"; sourceTree = "<group>"; };
		708CC8532A91E91D2A04E62E /* Pods_paytv_desafio_mobileTests.framework */ = {isa = PBXFileReference; explicitFileType = wrapper.framework; includeInIndex = 0; path = Pods_paytv_desafio_mobileTests.framework; sourceTree = BUILT_PRODUCTS_DIR; };
		9E069DB59009F6857CCAF3EF /* Pods_paytv_desafio_mobile.framework */ = {isa = PBXFileReference; explicitFileType = wrapper.framework; includeInIndex = 0; path = Pods_paytv_desafio_mobile.framework; sourceTree = BUILT_PRODUCTS_DIR; };
		B50F692EB6E82C14991E8B66 /* Pods-paytv-desafio-mobile-paytv-desafio-mobileUITests.release.xcconfig */ = {isa = PBXFileReference; includeInIndex = 1; lastKnownFileType = text.xcconfig; name = "Pods-paytv-desafio-mobile-paytv-desafio-mobileUITests.release.xcconfig"; path = "Target Support Files/Pods-paytv-desafio-mobile-paytv-desafio-mobileUITests/Pods-paytv-desafio-mobile-paytv-desafio-mobileUITests.release.xcconfig"; sourceTree = "<group>"; };
		BF33770128FAEEEB0000A3D8 /* paytv-desafio-mobile.app */ = {isa = PBXFileReference; explicitFileType = wrapper.application; includeInIndex = 0; path = "paytv-desafio-mobile.app"; sourceTree = BUILT_PRODUCTS_DIR; };
		BF33770428FAEEEB0000A3D8 /* AppDelegate.swift */ = {isa = PBXFileReference; lastKnownFileType = sourcecode.swift; path = AppDelegate.swift; sourceTree = "<group>"; };
		BF33770628FAEEEB0000A3D8 /* SceneDelegate.swift */ = {isa = PBXFileReference; lastKnownFileType = sourcecode.swift; path = SceneDelegate.swift; sourceTree = "<group>"; };
		BF33770D28FAEEED0000A3D8 /* Assets.xcassets */ = {isa = PBXFileReference; lastKnownFileType = folder.assetcatalog; path = Assets.xcassets; sourceTree = "<group>"; };
		BF33771028FAEEED0000A3D8 /* Base */ = {isa = PBXFileReference; lastKnownFileType = file.storyboard; name = Base; path = Base.lproj/LaunchScreen.storyboard; sourceTree = "<group>"; };
		BF33771228FAEEED0000A3D8 /* Info.plist */ = {isa = PBXFileReference; lastKnownFileType = text.plist.xml; path = Info.plist; sourceTree = "<group>"; };
		BF33771728FAEEEE0000A3D8 /* paytv-desafio-mobileTests.xctest */ = {isa = PBXFileReference; explicitFileType = wrapper.cfbundle; includeInIndex = 0; path = "paytv-desafio-mobileTests.xctest"; sourceTree = BUILT_PRODUCTS_DIR; };
		BF33771B28FAEEEE0000A3D8 /* paytv_desafio_mobileTests.swift */ = {isa = PBXFileReference; lastKnownFileType = sourcecode.swift; path = paytv_desafio_mobileTests.swift; sourceTree = "<group>"; };
		BF33772128FAEEEE0000A3D8 /* paytv-desafio-mobileUITests.xctest */ = {isa = PBXFileReference; explicitFileType = wrapper.cfbundle; includeInIndex = 0; path = "paytv-desafio-mobileUITests.xctest"; sourceTree = BUILT_PRODUCTS_DIR; };
		BF33772528FAEEEE0000A3D8 /* paytv_desafio_mobileUITests.swift */ = {isa = PBXFileReference; lastKnownFileType = sourcecode.swift; path = paytv_desafio_mobileUITests.swift; sourceTree = "<group>"; };
		BF33772728FAEEEE0000A3D8 /* paytv_desafio_mobileUITestsLaunchTests.swift */ = {isa = PBXFileReference; lastKnownFileType = sourcecode.swift; path = paytv_desafio_mobileUITestsLaunchTests.swift; sourceTree = "<group>"; };
		BF33773A28FAF39F0000A3D8 /* HomeViewController.swift */ = {isa = PBXFileReference; lastKnownFileType = sourcecode.swift; path = HomeViewController.swift; sourceTree = "<group>"; };
		BF33773F28FB1F410000A3D8 /* APIConfig.swift */ = {isa = PBXFileReference; lastKnownFileType = sourcecode.swift; path = APIConfig.swift; sourceTree = "<group>"; };
		BF33774128FB20460000A3D8 /* NetworkManager.swift */ = {isa = PBXFileReference; lastKnownFileType = sourcecode.swift; path = NetworkManager.swift; sourceTree = "<group>"; };
		BF33774328FB20910000A3D8 /* ResponseHandler.swift */ = {isa = PBXFileReference; lastKnownFileType = sourcecode.swift; path = ResponseHandler.swift; sourceTree = "<group>"; };
		BF33774628FB21020000A3D8 /* RequestHandler.swift */ = {isa = PBXFileReference; lastKnownFileType = sourcecode.swift; path = RequestHandler.swift; sourceTree = "<group>"; };
		BF33774828FB213A0000A3D8 /* NetworkStatus.swift */ = {isa = PBXFileReference; lastKnownFileType = sourcecode.swift; path = NetworkStatus.swift; sourceTree = "<group>"; };
		FC99677C69727BF8DC4CEBE9 /* Pods-paytv-desafio-mobile.release.xcconfig */ = {isa = PBXFileReference; includeInIndex = 1; lastKnownFileType = text.xcconfig; name = "Pods-paytv-desafio-mobile.release.xcconfig"; path = "Target Support Files/Pods-paytv-desafio-mobile/Pods-paytv-desafio-mobile.release.xcconfig"; sourceTree = "<group>"; };
/* End PBXFileReference section */

/* Begin PBXFrameworksBuildPhase section */
		BF3376FE28FAEEEB0000A3D8 /* Frameworks */ = {
			isa = PBXFrameworksBuildPhase;
			buildActionMask = 2147483647;
			files = (
				A63AFC15277DCAD1A9604743 /* Pods_paytv_desafio_mobile.framework in Frameworks */,
			);
			runOnlyForDeploymentPostprocessing = 0;
		};
		BF33771428FAEEEE0000A3D8 /* Frameworks */ = {
			isa = PBXFrameworksBuildPhase;
			buildActionMask = 2147483647;
			files = (
				A4B6A1B1A00D6092F590C12E /* Pods_paytv_desafio_mobileTests.framework in Frameworks */,
			);
			runOnlyForDeploymentPostprocessing = 0;
		};
		BF33771E28FAEEEE0000A3D8 /* Frameworks */ = {
			isa = PBXFrameworksBuildPhase;
			buildActionMask = 2147483647;
			files = (
				01BC90B9A1F0BDBABD98E96F /* Pods_paytv_desafio_mobile_paytv_desafio_mobileUITests.framework in Frameworks */,
			);
			runOnlyForDeploymentPostprocessing = 0;
		};
/* End PBXFrameworksBuildPhase section */

/* Begin PBXGroup section */
		2C2301042F1A157ED0B46551 /* Pods */ = {
			isa = PBXGroup;
			children = (
				4E5FFD3C04424A503229F99B /* Pods-paytv-desafio-mobile.debug.xcconfig */,
				FC99677C69727BF8DC4CEBE9 /* Pods-paytv-desafio-mobile.release.xcconfig */,
				5D88A31C5B44C862F0C6D73A /* Pods-paytv-desafio-mobile-paytv-desafio-mobileUITests.debug.xcconfig */,
				B50F692EB6E82C14991E8B66 /* Pods-paytv-desafio-mobile-paytv-desafio-mobileUITests.release.xcconfig */,
				330E2559551111EA235B7A85 /* Pods-paytv-desafio-mobileTests.debug.xcconfig */,
				17B5B7837786811B4F8BCD31 /* Pods-paytv-desafio-mobileTests.release.xcconfig */,
			);
			path = Pods;
			sourceTree = "<group>";
		};
		3D049ED05B1D96A6ADE9C3B0 /* Frameworks */ = {
			isa = PBXGroup;
			children = (
				9E069DB59009F6857CCAF3EF /* Pods_paytv_desafio_mobile.framework */,
				29A6991D0773F97AAFC3729D /* Pods_paytv_desafio_mobile_paytv_desafio_mobileUITests.framework */,
				708CC8532A91E91D2A04E62E /* Pods_paytv_desafio_mobileTests.framework */,
			);
			name = Frameworks;
			sourceTree = "<group>";
		};
		BF3376F828FAEEEB0000A3D8 = {
			isa = PBXGroup;
			children = (
				BF33770328FAEEEB0000A3D8 /* paytv-desafio-mobile */,
				BF33771A28FAEEEE0000A3D8 /* paytv-desafio-mobileTests */,
				BF33772428FAEEEE0000A3D8 /* paytv-desafio-mobileUITests */,
				BF33770228FAEEEB0000A3D8 /* Products */,
				2C2301042F1A157ED0B46551 /* Pods */,
				3D049ED05B1D96A6ADE9C3B0 /* Frameworks */,
			);
			sourceTree = "<group>";
		};
		BF33770228FAEEEB0000A3D8 /* Products */ = {
			isa = PBXGroup;
			children = (
				BF33770128FAEEEB0000A3D8 /* paytv-desafio-mobile.app */,
				BF33771728FAEEEE0000A3D8 /* paytv-desafio-mobileTests.xctest */,
				BF33772128FAEEEE0000A3D8 /* paytv-desafio-mobileUITests.xctest */,
			);
			name = Products;
			sourceTree = "<group>";
		};
		BF33770328FAEEEB0000A3D8 /* paytv-desafio-mobile */ = {
			isa = PBXGroup;
			children = (
				BF33771228FAEEED0000A3D8 /* Info.plist */,
				BF33773428FAF17D0000A3D8 /* Shared */,
				BF33773528FAF18D0000A3D8 /* Modules */,
			);
			path = "paytv-desafio-mobile";
			sourceTree = "<group>";
		};
		BF33771A28FAEEEE0000A3D8 /* paytv-desafio-mobileTests */ = {
			isa = PBXGroup;
			children = (
				BF33771B28FAEEEE0000A3D8 /* paytv_desafio_mobileTests.swift */,
			);
			path = "paytv-desafio-mobileTests";
			sourceTree = "<group>";
		};
		BF33772428FAEEEE0000A3D8 /* paytv-desafio-mobileUITests */ = {
			isa = PBXGroup;
			children = (
				BF33772528FAEEEE0000A3D8 /* paytv_desafio_mobileUITests.swift */,
				BF33772728FAEEEE0000A3D8 /* paytv_desafio_mobileUITestsLaunchTests.swift */,
			);
			path = "paytv-desafio-mobileUITests";
			sourceTree = "<group>";
		};
		BF33773428FAF17D0000A3D8 /* Shared */ = {
			isa = PBXGroup;
			children = (
				BF33773C28FB005F0000A3D8 /* Layers */,
				BF33773628FAF1980000A3D8 /* AppAssets */,
			);
			path = Shared;
			sourceTree = "<group>";
		};
		BF33773528FAF18D0000A3D8 /* Modules */ = {
			isa = PBXGroup;
			children = (
				BF33773728FAF3830000A3D8 /* Home */,
			);
			path = Modules;
			sourceTree = "<group>";
		};
		BF33773628FAF1980000A3D8 /* AppAssets */ = {
			isa = PBXGroup;
			children = (
				BF33770428FAEEEB0000A3D8 /* AppDelegate.swift */,
				BF33770628FAEEEB0000A3D8 /* SceneDelegate.swift */,
				BF33770F28FAEEED0000A3D8 /* LaunchScreen.storyboard */,
				BF33770D28FAEEED0000A3D8 /* Assets.xcassets */,
			);
			path = AppAssets;
			sourceTree = "<group>";
		};
		BF33773728FAF3830000A3D8 /* Home */ = {
			isa = PBXGroup;
			children = (
				BF33773828FAF3880000A3D8 /* ViewController */,
			);
			path = Home;
			sourceTree = "<group>";
		};
		BF33773828FAF3880000A3D8 /* ViewController */ = {
			isa = PBXGroup;
			children = (
				BF33773A28FAF39F0000A3D8 /* HomeViewController.swift */,
			);
			path = ViewController;
			sourceTree = "<group>";
		};
		BF33773C28FB005F0000A3D8 /* Layers */ = {
			isa = PBXGroup;
			children = (
				BF33773D28FB00690000A3D8 /* Network */,
			);
			path = Layers;
			sourceTree = "<group>";
		};
		BF33773D28FB00690000A3D8 /* Network */ = {
			isa = PBXGroup;
			children = (
				BF33773E28FB00A50000A3D8 /* Endpoints */,
				BF33774C28FB23100000A3D8 /* Helpers */,
				BF33774B28FB22F30000A3D8 /* Resquest */,
				BF33774A28FB22EE0000A3D8 /* Response */,
				BF33774128FB20460000A3D8 /* NetworkManager.swift */,
				BF33774828FB213A0000A3D8 /* NetworkStatus.swift */,
			);
			path = Network;
			sourceTree = "<group>";
		};
		BF33773E28FB00A50000A3D8 /* Endpoints */ = {
			isa = PBXGroup;
			children = (
				BF33773F28FB1F410000A3D8 /* APIConfig.swift */,
			);
			path = Endpoints;
			sourceTree = "<group>";
		};
		BF33774A28FB22EE0000A3D8 /* Response */ = {
			isa = PBXGroup;
			children = (
			);
			path = Response;
			sourceTree = "<group>";
		};
		BF33774B28FB22F30000A3D8 /* Resquest */ = {
			isa = PBXGroup;
			children = (
			);
			path = Resquest;
			sourceTree = "<group>";
		};
		BF33774C28FB23100000A3D8 /* Helpers */ = {
			isa = PBXGroup;
			children = (
				BF33774328FB20910000A3D8 /* ResponseHandler.swift */,
				BF33774628FB21020000A3D8 /* RequestHandler.swift */,
			);
			path = Helpers;
			sourceTree = "<group>";
		};
/* End PBXGroup section */

/* Begin PBXNativeTarget section */
		BF33770028FAEEEB0000A3D8 /* paytv-desafio-mobile */ = {
			isa = PBXNativeTarget;
			buildConfigurationList = BF33772B28FAEEEE0000A3D8 /* Build configuration list for PBXNativeTarget "paytv-desafio-mobile" */;
			buildPhases = (
				2CC6C6A9291BF986A1DDE87E /* [CP] Check Pods Manifest.lock */,
				BF3376FD28FAEEEB0000A3D8 /* Sources */,
				BF3376FE28FAEEEB0000A3D8 /* Frameworks */,
				BF3376FF28FAEEEB0000A3D8 /* Resources */,
				5C3532F4F06B0F4301F2EE0F /* [CP] Embed Pods Frameworks */,
			);
			buildRules = (
			);
			dependencies = (
			);
			name = "paytv-desafio-mobile";
			productName = "paytv-desafio-mobile";
			productReference = BF33770128FAEEEB0000A3D8 /* paytv-desafio-mobile.app */;
			productType = "com.apple.product-type.application";
		};
		BF33771628FAEEEE0000A3D8 /* paytv-desafio-mobileTests */ = {
			isa = PBXNativeTarget;
			buildConfigurationList = BF33772E28FAEEEE0000A3D8 /* Build configuration list for PBXNativeTarget "paytv-desafio-mobileTests" */;
			buildPhases = (
				3904A3793B0BF968DFCC2DBF /* [CP] Check Pods Manifest.lock */,
				BF33771328FAEEEE0000A3D8 /* Sources */,
				BF33771428FAEEEE0000A3D8 /* Frameworks */,
				BF33771528FAEEEE0000A3D8 /* Resources */,
			);
			buildRules = (
			);
			dependencies = (
				BF33771928FAEEEE0000A3D8 /* PBXTargetDependency */,
			);
			name = "paytv-desafio-mobileTests";
			productName = "paytv-desafio-mobileTests";
			productReference = BF33771728FAEEEE0000A3D8 /* paytv-desafio-mobileTests.xctest */;
			productType = "com.apple.product-type.bundle.unit-test";
		};
		BF33772028FAEEEE0000A3D8 /* paytv-desafio-mobileUITests */ = {
			isa = PBXNativeTarget;
			buildConfigurationList = BF33773128FAEEEE0000A3D8 /* Build configuration list for PBXNativeTarget "paytv-desafio-mobileUITests" */;
			buildPhases = (
				6F1CA084B93292C0C9F1E301 /* [CP] Check Pods Manifest.lock */,
				BF33771D28FAEEEE0000A3D8 /* Sources */,
				BF33771E28FAEEEE0000A3D8 /* Frameworks */,
				BF33771F28FAEEEE0000A3D8 /* Resources */,
				A37F15658A11BC74721DC4B5 /* [CP] Embed Pods Frameworks */,
			);
			buildRules = (
			);
			dependencies = (
				BF33772328FAEEEE0000A3D8 /* PBXTargetDependency */,
			);
			name = "paytv-desafio-mobileUITests";
			productName = "paytv-desafio-mobileUITests";
			productReference = BF33772128FAEEEE0000A3D8 /* paytv-desafio-mobileUITests.xctest */;
			productType = "com.apple.product-type.bundle.ui-testing";
		};
/* End PBXNativeTarget section */

/* Begin PBXProject section */
		BF3376F928FAEEEB0000A3D8 /* Project object */ = {
			isa = PBXProject;
			attributes = {
				BuildIndependentTargetsInParallel = 1;
				LastSwiftUpdateCheck = 1400;
				LastUpgradeCheck = 1400;
				TargetAttributes = {
					BF33770028FAEEEB0000A3D8 = {
						CreatedOnToolsVersion = 14.0;
					};
					BF33771628FAEEEE0000A3D8 = {
						CreatedOnToolsVersion = 14.0;
						TestTargetID = BF33770028FAEEEB0000A3D8;
					};
					BF33772028FAEEEE0000A3D8 = {
						CreatedOnToolsVersion = 14.0;
						TestTargetID = BF33770028FAEEEB0000A3D8;
					};
				};
			};
			buildConfigurationList = BF3376FC28FAEEEB0000A3D8 /* Build configuration list for PBXProject "paytv-desafio-mobile" */;
			compatibilityVersion = "Xcode 14.0";
			developmentRegion = en;
			hasScannedForEncodings = 0;
			knownRegions = (
				en,
				Base,
			);
			mainGroup = BF3376F828FAEEEB0000A3D8;
			productRefGroup = BF33770228FAEEEB0000A3D8 /* Products */;
			projectDirPath = "";
			projectRoot = "";
			targets = (
				BF33770028FAEEEB0000A3D8 /* paytv-desafio-mobile */,
				BF33771628FAEEEE0000A3D8 /* paytv-desafio-mobileTests */,
				BF33772028FAEEEE0000A3D8 /* paytv-desafio-mobileUITests */,
			);
		};
/* End PBXProject section */

/* Begin PBXResourcesBuildPhase section */
		BF3376FF28FAEEEB0000A3D8 /* Resources */ = {
			isa = PBXResourcesBuildPhase;
			buildActionMask = 2147483647;
			files = (
				BF33771128FAEEED0000A3D8 /* LaunchScreen.storyboard in Resources */,
				BF33770E28FAEEED0000A3D8 /* Assets.xcassets in Resources */,
			);
			runOnlyForDeploymentPostprocessing = 0;
		};
		BF33771528FAEEEE0000A3D8 /* Resources */ = {
			isa = PBXResourcesBuildPhase;
			buildActionMask = 2147483647;
			files = (
			);
			runOnlyForDeploymentPostprocessing = 0;
		};
		BF33771F28FAEEEE0000A3D8 /* Resources */ = {
			isa = PBXResourcesBuildPhase;
			buildActionMask = 2147483647;
			files = (
			);
			runOnlyForDeploymentPostprocessing = 0;
		};
/* End PBXResourcesBuildPhase section */

/* Begin PBXShellScriptBuildPhase section */
		2CC6C6A9291BF986A1DDE87E /* [CP] Check Pods Manifest.lock */ = {
			isa = PBXShellScriptBuildPhase;
			buildActionMask = 2147483647;
			files = (
			);
			inputFileListPaths = (
			);
			inputPaths = (
				"${PODS_PODFILE_DIR_PATH}/Podfile.lock",
				"${PODS_ROOT}/Manifest.lock",
			);
			name = "[CP] Check Pods Manifest.lock";
			outputFileListPaths = (
			);
			outputPaths = (
				"$(DERIVED_FILE_DIR)/Pods-paytv-desafio-mobile-checkManifestLockResult.txt",
			);
			runOnlyForDeploymentPostprocessing = 0;
			shellPath = /bin/sh;
			shellScript = "diff \"${PODS_PODFILE_DIR_PATH}/Podfile.lock\" \"${PODS_ROOT}/Manifest.lock\" > /dev/null\nif [ $? != 0 ] ; then\n    # print error to STDERR\n    echo \"error: The sandbox is not in sync with the Podfile.lock. Run 'pod install' or update your CocoaPods installation.\" >&2\n    exit 1\nfi\n# This output is used by Xcode 'outputs' to avoid re-running this script phase.\necho \"SUCCESS\" > \"${SCRIPT_OUTPUT_FILE_0}\"\n";
			showEnvVarsInLog = 0;
		};
		3904A3793B0BF968DFCC2DBF /* [CP] Check Pods Manifest.lock */ = {
			isa = PBXShellScriptBuildPhase;
			buildActionMask = 2147483647;
			files = (
			);
			inputFileListPaths = (
			);
			inputPaths = (
				"${PODS_PODFILE_DIR_PATH}/Podfile.lock",
				"${PODS_ROOT}/Manifest.lock",
			);
			name = "[CP] Check Pods Manifest.lock";
			outputFileListPaths = (
			);
			outputPaths = (
				"$(DERIVED_FILE_DIR)/Pods-paytv-desafio-mobileTests-checkManifestLockResult.txt",
			);
			runOnlyForDeploymentPostprocessing = 0;
			shellPath = /bin/sh;
			shellScript = "diff \"${PODS_PODFILE_DIR_PATH}/Podfile.lock\" \"${PODS_ROOT}/Manifest.lock\" > /dev/null\nif [ $? != 0 ] ; then\n    # print error to STDERR\n    echo \"error: The sandbox is not in sync with the Podfile.lock. Run 'pod install' or update your CocoaPods installation.\" >&2\n    exit 1\nfi\n# This output is used by Xcode 'outputs' to avoid re-running this script phase.\necho \"SUCCESS\" > \"${SCRIPT_OUTPUT_FILE_0}\"\n";
			showEnvVarsInLog = 0;
		};
		5C3532F4F06B0F4301F2EE0F /* [CP] Embed Pods Frameworks */ = {
			isa = PBXShellScriptBuildPhase;
			buildActionMask = 2147483647;
			files = (
			);
			inputFileListPaths = (
				"${PODS_ROOT}/Target Support Files/Pods-paytv-desafio-mobile/Pods-paytv-desafio-mobile-frameworks-${CONFIGURATION}-input-files.xcfilelist",
			);
			name = "[CP] Embed Pods Frameworks";
			outputFileListPaths = (
				"${PODS_ROOT}/Target Support Files/Pods-paytv-desafio-mobile/Pods-paytv-desafio-mobile-frameworks-${CONFIGURATION}-output-files.xcfilelist",
			);
			runOnlyForDeploymentPostprocessing = 0;
			shellPath = /bin/sh;
			shellScript = "\"${PODS_ROOT}/Target Support Files/Pods-paytv-desafio-mobile/Pods-paytv-desafio-mobile-frameworks.sh\"\n";
			showEnvVarsInLog = 0;
		};
		6F1CA084B93292C0C9F1E301 /* [CP] Check Pods Manifest.lock */ = {
			isa = PBXShellScriptBuildPhase;
			buildActionMask = 2147483647;
			files = (
			);
			inputFileListPaths = (
			);
			inputPaths = (
				"${PODS_PODFILE_DIR_PATH}/Podfile.lock",
				"${PODS_ROOT}/Manifest.lock",
			);
			name = "[CP] Check Pods Manifest.lock";
			outputFileListPaths = (
			);
			outputPaths = (
				"$(DERIVED_FILE_DIR)/Pods-paytv-desafio-mobile-paytv-desafio-mobileUITests-checkManifestLockResult.txt",
			);
			runOnlyForDeploymentPostprocessing = 0;
			shellPath = /bin/sh;
			shellScript = "diff \"${PODS_PODFILE_DIR_PATH}/Podfile.lock\" \"${PODS_ROOT}/Manifest.lock\" > /dev/null\nif [ $? != 0 ] ; then\n    # print error to STDERR\n    echo \"error: The sandbox is not in sync with the Podfile.lock. Run 'pod install' or update your CocoaPods installation.\" >&2\n    exit 1\nfi\n# This output is used by Xcode 'outputs' to avoid re-running this script phase.\necho \"SUCCESS\" > \"${SCRIPT_OUTPUT_FILE_0}\"\n";
			showEnvVarsInLog = 0;
		};
		A37F15658A11BC74721DC4B5 /* [CP] Embed Pods Frameworks */ = {
			isa = PBXShellScriptBuildPhase;
			buildActionMask = 2147483647;
			files = (
			);
			inputFileListPaths = (
				"${PODS_ROOT}/Target Support Files/Pods-paytv-desafio-mobile-paytv-desafio-mobileUITests/Pods-paytv-desafio-mobile-paytv-desafio-mobileUITests-frameworks-${CONFIGURATION}-input-files.xcfilelist",
			);
			name = "[CP] Embed Pods Frameworks";
			outputFileListPaths = (
				"${PODS_ROOT}/Target Support Files/Pods-paytv-desafio-mobile-paytv-desafio-mobileUITests/Pods-paytv-desafio-mobile-paytv-desafio-mobileUITests-frameworks-${CONFIGURATION}-output-files.xcfilelist",
			);
			runOnlyForDeploymentPostprocessing = 0;
			shellPath = /bin/sh;
			shellScript = "\"${PODS_ROOT}/Target Support Files/Pods-paytv-desafio-mobile-paytv-desafio-mobileUITests/Pods-paytv-desafio-mobile-paytv-desafio-mobileUITests-frameworks.sh\"\n";
			showEnvVarsInLog = 0;
		};
/* End PBXShellScriptBuildPhase section */

/* Begin PBXSourcesBuildPhase section */
		BF3376FD28FAEEEB0000A3D8 /* Sources */ = {
			isa = PBXSourcesBuildPhase;
			buildActionMask = 2147483647;
			files = (
				BF33774728FB21020000A3D8 /* RequestHandler.swift in Sources */,
				BF33770528FAEEEB0000A3D8 /* AppDelegate.swift in Sources */,
				BF33770728FAEEEB0000A3D8 /* SceneDelegate.swift in Sources */,
				BF33774228FB20460000A3D8 /* NetworkManager.swift in Sources */,
				BF33774928FB213A0000A3D8 /* NetworkStatus.swift in Sources */,
				BF33774028FB1F410000A3D8 /* APIConfig.swift in Sources */,
				BF33773B28FAF39F0000A3D8 /* HomeViewController.swift in Sources */,
				BF33774428FB20910000A3D8 /* ResponseHandler.swift in Sources */,
			);
			runOnlyForDeploymentPostprocessing = 0;
		};
		BF33771328FAEEEE0000A3D8 /* Sources */ = {
			isa = PBXSourcesBuildPhase;
			buildActionMask = 2147483647;
			files = (
				BF33771C28FAEEEE0000A3D8 /* paytv_desafio_mobileTests.swift in Sources */,
			);
			runOnlyForDeploymentPostprocessing = 0;
		};
		BF33771D28FAEEEE0000A3D8 /* Sources */ = {
			isa = PBXSourcesBuildPhase;
			buildActionMask = 2147483647;
			files = (
				BF33772628FAEEEE0000A3D8 /* paytv_desafio_mobileUITests.swift in Sources */,
				BF33772828FAEEEE0000A3D8 /* paytv_desafio_mobileUITestsLaunchTests.swift in Sources */,
			);
			runOnlyForDeploymentPostprocessing = 0;
		};
/* End PBXSourcesBuildPhase section */

/* Begin PBXTargetDependency section */
		BF33771928FAEEEE0000A3D8 /* PBXTargetDependency */ = {
			isa = PBXTargetDependency;
			target = BF33770028FAEEEB0000A3D8 /* paytv-desafio-mobile */;
			targetProxy = BF33771828FAEEEE0000A3D8 /* PBXContainerItemProxy */;
		};
		BF33772328FAEEEE0000A3D8 /* PBXTargetDependency */ = {
			isa = PBXTargetDependency;
			target = BF33770028FAEEEB0000A3D8 /* paytv-desafio-mobile */;
			targetProxy = BF33772228FAEEEE0000A3D8 /* PBXContainerItemProxy */;
		};
/* End PBXTargetDependency section */

/* Begin PBXVariantGroup section */
		BF33770F28FAEEED0000A3D8 /* LaunchScreen.storyboard */ = {
			isa = PBXVariantGroup;
			children = (
				BF33771028FAEEED0000A3D8 /* Base */,
			);
			name = LaunchScreen.storyboard;
			sourceTree = "<group>";
		};
/* End PBXVariantGroup section */

/* Begin XCBuildConfiguration section */
		BF33772928FAEEEE0000A3D8 /* Debug */ = {
			isa = XCBuildConfiguration;
			buildSettings = {
				ALWAYS_SEARCH_USER_PATHS = NO;
				CLANG_ANALYZER_NONNULL = YES;
				CLANG_ANALYZER_NUMBER_OBJECT_CONVERSION = YES_AGGRESSIVE;
				CLANG_CXX_LANGUAGE_STANDARD = "gnu++20";
				CLANG_ENABLE_MODULES = YES;
				CLANG_ENABLE_OBJC_ARC = YES;
				CLANG_ENABLE_OBJC_WEAK = YES;
				CLANG_WARN_BLOCK_CAPTURE_AUTORELEASING = YES;
				CLANG_WARN_BOOL_CONVERSION = YES;
				CLANG_WARN_COMMA = YES;
				CLANG_WARN_CONSTANT_CONVERSION = YES;
				CLANG_WARN_DEPRECATED_OBJC_IMPLEMENTATIONS = YES;
				CLANG_WARN_DIRECT_OBJC_ISA_USAGE = YES_ERROR;
				CLANG_WARN_DOCUMENTATION_COMMENTS = YES;
				CLANG_WARN_EMPTY_BODY = YES;
				CLANG_WARN_ENUM_CONVERSION = YES;
				CLANG_WARN_INFINITE_RECURSION = YES;
				CLANG_WARN_INT_CONVERSION = YES;
				CLANG_WARN_NON_LITERAL_NULL_CONVERSION = YES;
				CLANG_WARN_OBJC_IMPLICIT_RETAIN_SELF = YES;
				CLANG_WARN_OBJC_LITERAL_CONVERSION = YES;
				CLANG_WARN_OBJC_ROOT_CLASS = YES_ERROR;
				CLANG_WARN_QUOTED_INCLUDE_IN_FRAMEWORK_HEADER = YES;
				CLANG_WARN_RANGE_LOOP_ANALYSIS = YES;
				CLANG_WARN_STRICT_PROTOTYPES = YES;
				CLANG_WARN_SUSPICIOUS_MOVE = YES;
				CLANG_WARN_UNGUARDED_AVAILABILITY = YES_AGGRESSIVE;
				CLANG_WARN_UNREACHABLE_CODE = YES;
				CLANG_WARN__DUPLICATE_METHOD_MATCH = YES;
				COPY_PHASE_STRIP = NO;
				DEBUG_INFORMATION_FORMAT = dwarf;
				ENABLE_STRICT_OBJC_MSGSEND = YES;
				ENABLE_TESTABILITY = YES;
				GCC_C_LANGUAGE_STANDARD = gnu11;
				GCC_DYNAMIC_NO_PIC = NO;
				GCC_NO_COMMON_BLOCKS = YES;
				GCC_OPTIMIZATION_LEVEL = 0;
				GCC_PREPROCESSOR_DEFINITIONS = (
					"DEBUG=1",
					"$(inherited)",
				);
				GCC_WARN_64_TO_32_BIT_CONVERSION = YES;
				GCC_WARN_ABOUT_RETURN_TYPE = YES_ERROR;
				GCC_WARN_UNDECLARED_SELECTOR = YES;
				GCC_WARN_UNINITIALIZED_AUTOS = YES_AGGRESSIVE;
				GCC_WARN_UNUSED_FUNCTION = YES;
				GCC_WARN_UNUSED_VARIABLE = YES;
				IPHONEOS_DEPLOYMENT_TARGET = 16.0;
				MTL_ENABLE_DEBUG_INFO = INCLUDE_SOURCE;
				MTL_FAST_MATH = YES;
				ONLY_ACTIVE_ARCH = YES;
				SDKROOT = iphoneos;
				SWIFT_ACTIVE_COMPILATION_CONDITIONS = DEBUG;
				SWIFT_OPTIMIZATION_LEVEL = "-Onone";
			};
			name = Debug;
		};
		BF33772A28FAEEEE0000A3D8 /* Release */ = {
			isa = XCBuildConfiguration;
			buildSettings = {
				ALWAYS_SEARCH_USER_PATHS = NO;
				CLANG_ANALYZER_NONNULL = YES;
				CLANG_ANALYZER_NUMBER_OBJECT_CONVERSION = YES_AGGRESSIVE;
				CLANG_CXX_LANGUAGE_STANDARD = "gnu++20";
				CLANG_ENABLE_MODULES = YES;
				CLANG_ENABLE_OBJC_ARC = YES;
				CLANG_ENABLE_OBJC_WEAK = YES;
				CLANG_WARN_BLOCK_CAPTURE_AUTORELEASING = YES;
				CLANG_WARN_BOOL_CONVERSION = YES;
				CLANG_WARN_COMMA = YES;
				CLANG_WARN_CONSTANT_CONVERSION = YES;
				CLANG_WARN_DEPRECATED_OBJC_IMPLEMENTATIONS = YES;
				CLANG_WARN_DIRECT_OBJC_ISA_USAGE = YES_ERROR;
				CLANG_WARN_DOCUMENTATION_COMMENTS = YES;
				CLANG_WARN_EMPTY_BODY = YES;
				CLANG_WARN_ENUM_CONVERSION = YES;
				CLANG_WARN_INFINITE_RECURSION = YES;
				CLANG_WARN_INT_CONVERSION = YES;
				CLANG_WARN_NON_LITERAL_NULL_CONVERSION = YES;
				CLANG_WARN_OBJC_IMPLICIT_RETAIN_SELF = YES;
				CLANG_WARN_OBJC_LITERAL_CONVERSION = YES;
				CLANG_WARN_OBJC_ROOT_CLASS = YES_ERROR;
				CLANG_WARN_QUOTED_INCLUDE_IN_FRAMEWORK_HEADER = YES;
				CLANG_WARN_RANGE_LOOP_ANALYSIS = YES;
				CLANG_WARN_STRICT_PROTOTYPES = YES;
				CLANG_WARN_SUSPICIOUS_MOVE = YES;
				CLANG_WARN_UNGUARDED_AVAILABILITY = YES_AGGRESSIVE;
				CLANG_WARN_UNREACHABLE_CODE = YES;
				CLANG_WARN__DUPLICATE_METHOD_MATCH = YES;
				COPY_PHASE_STRIP = NO;
				DEBUG_INFORMATION_FORMAT = "dwarf-with-dsym";
				ENABLE_NS_ASSERTIONS = NO;
				ENABLE_STRICT_OBJC_MSGSEND = YES;
				GCC_C_LANGUAGE_STANDARD = gnu11;
				GCC_NO_COMMON_BLOCKS = YES;
				GCC_WARN_64_TO_32_BIT_CONVERSION = YES;
				GCC_WARN_ABOUT_RETURN_TYPE = YES_ERROR;
				GCC_WARN_UNDECLARED_SELECTOR = YES;
				GCC_WARN_UNINITIALIZED_AUTOS = YES_AGGRESSIVE;
				GCC_WARN_UNUSED_FUNCTION = YES;
				GCC_WARN_UNUSED_VARIABLE = YES;
				IPHONEOS_DEPLOYMENT_TARGET = 16.0;
				MTL_ENABLE_DEBUG_INFO = NO;
				MTL_FAST_MATH = YES;
				SDKROOT = iphoneos;
				SWIFT_COMPILATION_MODE = wholemodule;
				SWIFT_OPTIMIZATION_LEVEL = "-O";
				VALIDATE_PRODUCT = YES;
			};
			name = Release;
		};
		BF33772C28FAEEEE0000A3D8 /* Debug */ = {
			isa = XCBuildConfiguration;
			baseConfigurationReference = 4E5FFD3C04424A503229F99B /* Pods-paytv-desafio-mobile.debug.xcconfig */;
			buildSettings = {
				ASSETCATALOG_COMPILER_APPICON_NAME = AppIcon;
				ASSETCATALOG_COMPILER_GLOBAL_ACCENT_COLOR_NAME = AccentColor;
				CODE_SIGN_STYLE = Automatic;
				CURRENT_PROJECT_VERSION = 1;
				GENERATE_INFOPLIST_FILE = YES;
				INFOPLIST_FILE = "paytv-desafio-mobile/Info.plist";
				INFOPLIST_KEY_UIApplicationSupportsIndirectInputEvents = YES;
				INFOPLIST_KEY_UILaunchStoryboardName = LaunchScreen;
				INFOPLIST_KEY_UISupportedInterfaceOrientations_iPad = "UIInterfaceOrientationPortrait UIInterfaceOrientationPortraitUpsideDown UIInterfaceOrientationLandscapeLeft UIInterfaceOrientationLandscapeRight";
				INFOPLIST_KEY_UISupportedInterfaceOrientations_iPhone = "UIInterfaceOrientationPortrait UIInterfaceOrientationLandscapeLeft UIInterfaceOrientationLandscapeRight";
				LD_RUNPATH_SEARCH_PATHS = (
					"$(inherited)",
					"@executable_path/Frameworks",
				);
				MARKETING_VERSION = 1.0;
				PRODUCT_BUNDLE_IDENTIFIER = "junior-fernandes.paytv-desafio-mobile";
				PRODUCT_NAME = "$(TARGET_NAME)";
				SWIFT_EMIT_LOC_STRINGS = YES;
				SWIFT_VERSION = 5.0;
				TARGETED_DEVICE_FAMILY = "1,2";
			};
			name = Debug;
		};
		BF33772D28FAEEEE0000A3D8 /* Release */ = {
			isa = XCBuildConfiguration;
			baseConfigurationReference = FC99677C69727BF8DC4CEBE9 /* Pods-paytv-desafio-mobile.release.xcconfig */;
			buildSettings = {
				ASSETCATALOG_COMPILER_APPICON_NAME = AppIcon;
				ASSETCATALOG_COMPILER_GLOBAL_ACCENT_COLOR_NAME = AccentColor;
				CODE_SIGN_STYLE = Automatic;
				CURRENT_PROJECT_VERSION = 1;
				GENERATE_INFOPLIST_FILE = YES;
				INFOPLIST_FILE = "paytv-desafio-mobile/Info.plist";
				INFOPLIST_KEY_UIApplicationSupportsIndirectInputEvents = YES;
				INFOPLIST_KEY_UILaunchStoryboardName = LaunchScreen;
				INFOPLIST_KEY_UISupportedInterfaceOrientations_iPad = "UIInterfaceOrientationPortrait UIInterfaceOrientationPortraitUpsideDown UIInterfaceOrientationLandscapeLeft UIInterfaceOrientationLandscapeRight";
				INFOPLIST_KEY_UISupportedInterfaceOrientations_iPhone = "UIInterfaceOrientationPortrait UIInterfaceOrientationLandscapeLeft UIInterfaceOrientationLandscapeRight";
				LD_RUNPATH_SEARCH_PATHS = (
					"$(inherited)",
					"@executable_path/Frameworks",
				);
				MARKETING_VERSION = 1.0;
				PRODUCT_BUNDLE_IDENTIFIER = "junior-fernandes.paytv-desafio-mobile";
				PRODUCT_NAME = "$(TARGET_NAME)";
				SWIFT_EMIT_LOC_STRINGS = YES;
				SWIFT_VERSION = 5.0;
				TARGETED_DEVICE_FAMILY = "1,2";
			};
			name = Release;
		};
		BF33772F28FAEEEE0000A3D8 /* Debug */ = {
			isa = XCBuildConfiguration;
			baseConfigurationReference = 330E2559551111EA235B7A85 /* Pods-paytv-desafio-mobileTests.debug.xcconfig */;
			buildSettings = {
				ALWAYS_EMBED_SWIFT_STANDARD_LIBRARIES = YES;
				BUNDLE_LOADER = "$(TEST_HOST)";
				CODE_SIGN_STYLE = Automatic;
				CURRENT_PROJECT_VERSION = 1;
				GENERATE_INFOPLIST_FILE = YES;
				IPHONEOS_DEPLOYMENT_TARGET = 16.0;
				MARKETING_VERSION = 1.0;
				PRODUCT_BUNDLE_IDENTIFIER = "junior-fernandes.paytv-desafio-mobileTests";
				PRODUCT_NAME = "$(TARGET_NAME)";
				SWIFT_EMIT_LOC_STRINGS = NO;
				SWIFT_VERSION = 5.0;
				TARGETED_DEVICE_FAMILY = "1,2";
				TEST_HOST = "$(BUILT_PRODUCTS_DIR)/paytv-desafio-mobile.app/$(BUNDLE_EXECUTABLE_FOLDER_PATH)/paytv-desafio-mobile";
			};
			name = Debug;
		};
		BF33773028FAEEEE0000A3D8 /* Release */ = {
			isa = XCBuildConfiguration;
			baseConfigurationReference = 17B5B7837786811B4F8BCD31 /* Pods-paytv-desafio-mobileTests.release.xcconfig */;
			buildSettings = {
				ALWAYS_EMBED_SWIFT_STANDARD_LIBRARIES = YES;
				BUNDLE_LOADER = "$(TEST_HOST)";
				CODE_SIGN_STYLE = Automatic;
				CURRENT_PROJECT_VERSION = 1;
				GENERATE_INFOPLIST_FILE = YES;
				IPHONEOS_DEPLOYMENT_TARGET = 16.0;
				MARKETING_VERSION = 1.0;
				PRODUCT_BUNDLE_IDENTIFIER = "junior-fernandes.paytv-desafio-mobileTests";
				PRODUCT_NAME = "$(TARGET_NAME)";
				SWIFT_EMIT_LOC_STRINGS = NO;
				SWIFT_VERSION = 5.0;
				TARGETED_DEVICE_FAMILY = "1,2";
				TEST_HOST = "$(BUILT_PRODUCTS_DIR)/paytv-desafio-mobile.app/$(BUNDLE_EXECUTABLE_FOLDER_PATH)/paytv-desafio-mobile";
			};
			name = Release;
		};
		BF33773228FAEEEE0000A3D8 /* Debug */ = {
			isa = XCBuildConfiguration;
			baseConfigurationReference = 5D88A31C5B44C862F0C6D73A /* Pods-paytv-desafio-mobile-paytv-desafio-mobileUITests.debug.xcconfig */;
			buildSettings = {
				ALWAYS_EMBED_SWIFT_STANDARD_LIBRARIES = YES;
				CODE_SIGN_STYLE = Automatic;
				CURRENT_PROJECT_VERSION = 1;
				GENERATE_INFOPLIST_FILE = YES;
				MARKETING_VERSION = 1.0;
				PRODUCT_BUNDLE_IDENTIFIER = "junior-fernandes.paytv-desafio-mobileUITests";
				PRODUCT_NAME = "$(TARGET_NAME)";
				SWIFT_EMIT_LOC_STRINGS = NO;
				SWIFT_VERSION = 5.0;
				TARGETED_DEVICE_FAMILY = "1,2";
				TEST_TARGET_NAME = "paytv-desafio-mobile";
			};
			name = Debug;
		};
		BF33773328FAEEEE0000A3D8 /* Release */ = {
			isa = XCBuildConfiguration;
			baseConfigurationReference = B50F692EB6E82C14991E8B66 /* Pods-paytv-desafio-mobile-paytv-desafio-mobileUITests.release.xcconfig */;
			buildSettings = {
				ALWAYS_EMBED_SWIFT_STANDARD_LIBRARIES = YES;
				CODE_SIGN_STYLE = Automatic;
				CURRENT_PROJECT_VERSION = 1;
				GENERATE_INFOPLIST_FILE = YES;
				MARKETING_VERSION = 1.0;
				PRODUCT_BUNDLE_IDENTIFIER = "junior-fernandes.paytv-desafio-mobileUITests";
				PRODUCT_NAME = "$(TARGET_NAME)";
				SWIFT_EMIT_LOC_STRINGS = NO;
				SWIFT_VERSION = 5.0;
				TARGETED_DEVICE_FAMILY = "1,2";
				TEST_TARGET_NAME = "paytv-desafio-mobile";
			};
			name = Release;
		};
/* End XCBuildConfiguration section */

/* Begin XCConfigurationList section */
		BF3376FC28FAEEEB0000A3D8 /* Build configuration list for PBXProject "paytv-desafio-mobile" */ = {
			isa = XCConfigurationList;
			buildConfigurations = (
				BF33772928FAEEEE0000A3D8 /* Debug */,
				BF33772A28FAEEEE0000A3D8 /* Release */,
			);
			defaultConfigurationIsVisible = 0;
			defaultConfigurationName = Release;
		};
		BF33772B28FAEEEE0000A3D8 /* Build configuration list for PBXNativeTarget "paytv-desafio-mobile" */ = {
			isa = XCConfigurationList;
			buildConfigurations = (
				BF33772C28FAEEEE0000A3D8 /* Debug */,
				BF33772D28FAEEEE0000A3D8 /* Release */,
			);
			defaultConfigurationIsVisible = 0;
			defaultConfigurationName = Release;
		};
		BF33772E28FAEEEE0000A3D8 /* Build configuration list for PBXNativeTarget "paytv-desafio-mobileTests" */ = {
			isa = XCConfigurationList;
			buildConfigurations = (
				BF33772F28FAEEEE0000A3D8 /* Debug */,
				BF33773028FAEEEE0000A3D8 /* Release */,
			);
			defaultConfigurationIsVisible = 0;
			defaultConfigurationName = Release;
		};
		BF33773128FAEEEE0000A3D8 /* Build configuration list for PBXNativeTarget "paytv-desafio-mobileUITests" */ = {
			isa = XCConfigurationList;
			buildConfigurations = (
				BF33773228FAEEEE0000A3D8 /* Debug */,
				BF33773328FAEEEE0000A3D8 /* Release */,
			);
			defaultConfigurationIsVisible = 0;
			defaultConfigurationName = Release;
		};
/* End XCConfigurationList section */
	};
	rootObject = BF3376F928FAEEEB0000A3D8 /* Project object */;
}
